// !$*UTF8*$!
{
	archiveVersion = 1;
	classes = {
	};
	objectVersion = 46;
	objects = {

/* Begin PBXBuildFile section */
		7DB7433A1EE9DC6200B2E22B /* AppDelegate.swift in Sources */ = {isa = PBXBuildFile; fileRef = 7DB743391EE9DC6200B2E22B /* AppDelegate.swift */; };
		7DB7433C1EE9DC6200B2E22B /* ViewController.swift in Sources */ = {isa = PBXBuildFile; fileRef = 7DB7433B1EE9DC6200B2E22B /* ViewController.swift */; };
		7DB7433F1EE9DC6200B2E22B /* Main.storyboard in Resources */ = {isa = PBXBuildFile; fileRef = 7DB7433D1EE9DC6200B2E22B /* Main.storyboard */; };
		7DB743411EE9DC6200B2E22B /* Assets.xcassets in Resources */ = {isa = PBXBuildFile; fileRef = 7DB743401EE9DC6200B2E22B /* Assets.xcassets */; };
		7DB743441EE9DC6200B2E22B /* LaunchScreen.storyboard in Resources */ = {isa = PBXBuildFile; fileRef = 7DB743421EE9DC6200B2E22B /* LaunchScreen.storyboard */; };
		7DB7434F1EE9DC6300B2E22B /* ResearchKitDemoTests.swift in Sources */ = {isa = PBXBuildFile; fileRef = 7DB7434E1EE9DC6300B2E22B /* ResearchKitDemoTests.swift */; };
		7DB7435A1EE9DC6300B2E22B /* ResearchKitDemoUITests.swift in Sources */ = {isa = PBXBuildFile; fileRef = 7DB743591EE9DC6300B2E22B /* ResearchKitDemoUITests.swift */; };
/* End PBXBuildFile section */

/* Begin PBXContainerItemProxy section */
		7DB7434B1EE9DC6300B2E22B /* PBXContainerItemProxy */ = {
			isa = PBXContainerItemProxy;
			containerPortal = 7DB7432E1EE9DC6200B2E22B /* Project object */;
			proxyType = 1;
			remoteGlobalIDString = 7DB743351EE9DC6200B2E22B;
			remoteInfo = ResearchKitDemo;
		};
		7DB743561EE9DC6300B2E22B /* PBXContainerItemProxy */ = {
			isa = PBXContainerItemProxy;
			containerPortal = 7DB7432E1EE9DC6200B2E22B /* Project object */;
			proxyType = 1;
			remoteGlobalIDString = 7DB743351EE9DC6200B2E22B;
			remoteInfo = ResearchKitDemo;
		};
/* End PBXContainerItemProxy section */

/* Begin PBXFileReference section */
		7DB743361EE9DC6200B2E22B /* ResearchKitDemo.app */ = {isa = PBXFileReference; explicitFileType = wrapper.application; includeInIndex = 0; path = ResearchKitDemo.app; sourceTree = BUILT_PRODUCTS_DIR; };
		7DB743391EE9DC6200B2E22B /* AppDelegate.swift */ = {isa = PBXFileReference; lastKnownFileType = sourcecode.swift; path = AppDelegate.swift; sourceTree = "<group>"; };
		7DB7433B1EE9DC6200B2E22B /* ViewController.swift */ = {isa = PBXFileReference; lastKnownFileType = sourcecode.swift; path = ViewController.swift; sourceTree = "<group>"; };
		7DB7433E1EE9DC6200B2E22B /* Base */ = {isa = PBXFileReference; lastKnownFileType = file.storyboard; name = Base; path = Base.lproj/Main.storyboard; sourceTree = "<group>"; };
		7DB743401EE9DC6200B2E22B /* Assets.xcassets */ = {isa = PBXFileReference; lastKnownFileType = folder.assetcatalog; path = Assets.xcassets; sourceTree = "<group>"; };
		7DB743431EE9DC6200B2E22B /* Base */ = {isa = PBXFileReference; lastKnownFileType = file.storyboard; name = Base; path = Base.lproj/LaunchScreen.storyboard; sourceTree = "<group>"; };
		7DB743451EE9DC6200B2E22B /* Info.plist */ = {isa = PBXFileReference; lastKnownFileType = text.plist.xml; path = Info.plist; sourceTree = "<group>"; };
		7DB7434A1EE9DC6300B2E22B /* ResearchKitDemoTests.xctest */ = {isa = PBXFileReference; explicitFileType = wrapper.cfbundle; includeInIndex = 0; path = ResearchKitDemoTests.xctest; sourceTree = BUILT_PRODUCTS_DIR; };
		7DB7434E1EE9DC6300B2E22B /* ResearchKitDemoTests.swift */ = {isa = PBXFileReference; lastKnownFileType = sourcecode.swift; path = ResearchKitDemoTests.swift; sourceTree = "<group>"; };
		7DB743501EE9DC6300B2E22B /* Info.plist */ = {isa = PBXFileReference; lastKnownFileType = text.plist.xml; path = Info.plist; sourceTree = "<group>"; };
		7DB743551EE9DC6300B2E22B /* ResearchKitDemoUITests.xctest */ = {isa = PBXFileReference; explicitFileType = wrapper.cfbundle; includeInIndex = 0; path = ResearchKitDemoUITests.xctest; sourceTree = BUILT_PRODUCTS_DIR; };
		7DB743591EE9DC6300B2E22B /* ResearchKitDemoUITests.swift */ = {isa = PBXFileReference; lastKnownFileType = sourcecode.swift; path = ResearchKitDemoUITests.swift; sourceTree = "<group>"; };
		7DB7435B1EE9DC6300B2E22B /* Info.plist */ = {isa = PBXFileReference; lastKnownFileType = text.plist.xml; path = Info.plist; sourceTree = "<group>"; };
/* End PBXFileReference section */

/* Begin PBXFrameworksBuildPhase section */
		7DB743331EE9DC6200B2E22B /* Frameworks */ = {
			isa = PBXFrameworksBuildPhase;
			buildActionMask = 2147483647;
			files = (
			);
			runOnlyForDeploymentPostprocessing = 0;
		};
		7DB743471EE9DC6300B2E22B /* Frameworks */ = {
			isa = PBXFrameworksBuildPhase;
			buildActionMask = 2147483647;
			files = (
			);
			runOnlyForDeploymentPostprocessing = 0;
		};
		7DB743521EE9DC6300B2E22B /* Frameworks */ = {
			isa = PBXFrameworksBuildPhase;
			buildActionMask = 2147483647;
			files = (
			);
			runOnlyForDeploymentPostprocessing = 0;
		};
/* End PBXFrameworksBuildPhase section */

/* Begin PBXGroup section */
		7DB7432D1EE9DC6200B2E22B = {
			isa = PBXGroup;
			children = (
				7DB743381EE9DC6200B2E22B /* ResearchKitDemo */,
				7DB7434D1EE9DC6300B2E22B /* ResearchKitDemoTests */,
				7DB743581EE9DC6300B2E22B /* ResearchKitDemoUITests */,
				7DB743371EE9DC6200B2E22B /* Products */,
			);
			sourceTree = "<group>";
		};
		7DB743371EE9DC6200B2E22B /* Products */ = {
			isa = PBXGroup;
			children = (
				7DB743361EE9DC6200B2E22B /* ResearchKitDemo.app */,
				7DB7434A1EE9DC6300B2E22B /* ResearchKitDemoTests.xctest */,
				7DB743551EE9DC6300B2E22B /* ResearchKitDemoUITests.xctest */,
			);
			name = Products;
			sourceTree = "<group>";
		};
		7DB743381EE9DC6200B2E22B /* ResearchKitDemo */ = {
			isa = PBXGroup;
			children = (
				7DB743391EE9DC6200B2E22B /* AppDelegate.swift */,
				7DB7433B1EE9DC6200B2E22B /* ViewController.swift */,
				7DB7433D1EE9DC6200B2E22B /* Main.storyboard */,
				7DB743401EE9DC6200B2E22B /* Assets.xcassets */,
				7DB743421EE9DC6200B2E22B /* LaunchScreen.storyboard */,
				7DB743451EE9DC6200B2E22B /* Info.plist */,
			);
			path = ResearchKitDemo;
			sourceTree = "<group>";
		};
		7DB7434D1EE9DC6300B2E22B /* ResearchKitDemoTests */ = {
			isa = PBXGroup;
			children = (
				7DB7434E1EE9DC6300B2E22B /* ResearchKitDemoTests.swift */,
				7DB743501EE9DC6300B2E22B /* Info.plist */,
			);
			path = ResearchKitDemoTests;
			sourceTree = "<group>";
		};
		7DB743581EE9DC6300B2E22B /* ResearchKitDemoUITests */ = {
			isa = PBXGroup;
			children = (
				7DB743591EE9DC6300B2E22B /* ResearchKitDemoUITests.swift */,
				7DB7435B1EE9DC6300B2E22B /* Info.plist */,
			);
			path = ResearchKitDemoUITests;
			sourceTree = "<group>";
		};
/* End PBXGroup section */

/* Begin PBXNativeTarget section */
		7DB743351EE9DC6200B2E22B /* ResearchKitDemo */ = {
			isa = PBXNativeTarget;
			buildConfigurationList = 7DB7435E1EE9DC6300B2E22B /* Build configuration list for PBXNativeTarget "ResearchKitDemo" */;
			buildPhases = (
				7DB743321EE9DC6200B2E22B /* Sources */,
				7DB743331EE9DC6200B2E22B /* Frameworks */,
				7DB743341EE9DC6200B2E22B /* Resources */,
			);
			buildRules = (
			);
			dependencies = (
			);
			name = ResearchKitDemo;
			productName = ResearchKitDemo;
			productReference = 7DB743361EE9DC6200B2E22B /* ResearchKitDemo.app */;
			productType = "com.apple.product-type.application";
		};
		7DB743491EE9DC6300B2E22B /* ResearchKitDemoTests */ = {
			isa = PBXNativeTarget;
			buildConfigurationList = 7DB743611EE9DC6300B2E22B /* Build configuration list for PBXNativeTarget "ResearchKitDemoTests" */;
			buildPhases = (
				7DB743461EE9DC6300B2E22B /* Sources */,
				7DB743471EE9DC6300B2E22B /* Frameworks */,
				7DB743481EE9DC6300B2E22B /* Resources */,
			);
			buildRules = (
			);
			dependencies = (
				7DB7434C1EE9DC6300B2E22B /* PBXTargetDependency */,
			);
			name = ResearchKitDemoTests;
			productName = ResearchKitDemoTests;
			productReference = 7DB7434A1EE9DC6300B2E22B /* ResearchKitDemoTests.xctest */;
			productType = "com.apple.product-type.bundle.unit-test";
		};
		7DB743541EE9DC6300B2E22B /* ResearchKitDemoUITests */ = {
			isa = PBXNativeTarget;
			buildConfigurationList = 7DB743641EE9DC6300B2E22B /* Build configuration list for PBXNativeTarget "ResearchKitDemoUITests" */;
			buildPhases = (
				7DB743511EE9DC6300B2E22B /* Sources */,
				7DB743521EE9DC6300B2E22B /* Frameworks */,
				7DB743531EE9DC6300B2E22B /* Resources */,
			);
			buildRules = (
			);
			dependencies = (
				7DB743571EE9DC6300B2E22B /* PBXTargetDependency */,
			);
			name = ResearchKitDemoUITests;
			productName = ResearchKitDemoUITests;
			productReference = 7DB743551EE9DC6300B2E22B /* ResearchKitDemoUITests.xctest */;
			productType = "com.apple.product-type.bundle.ui-testing";
		};
/* End PBXNativeTarget section */

/* Begin PBXProject section */
		7DB7432E1EE9DC6200B2E22B /* Project object */ = {
			isa = PBXProject;
			attributes = {
				LastSwiftUpdateCheck = 0720;
				LastUpgradeCheck = 0720;
				ORGANIZATIONNAME = Infosys;
				TargetAttributes = {
					7DB743351EE9DC6200B2E22B = {
						CreatedOnToolsVersion = 7.2;
						DevelopmentTeam = 69VU96BCPE;
					};
					7DB743491EE9DC6300B2E22B = {
						CreatedOnToolsVersion = 7.2;
						DevelopmentTeam = 69VU96BCPE;
						TestTargetID = 7DB743351EE9DC6200B2E22B;
					};
					7DB743541EE9DC6300B2E22B = {
						CreatedOnToolsVersion = 7.2;
						DevelopmentTeam = 69VU96BCPE;
						TestTargetID = 7DB743351EE9DC6200B2E22B;
					};
				};
			};
			buildConfigurationList = 7DB743311EE9DC6200B2E22B /* Build configuration list for PBXProject "ResearchKitDemo" */;
			compatibilityVersion = "Xcode 3.2";
			developmentRegion = English;
			hasScannedForEncodings = 0;
			knownRegions = (
				en,
				Base,
			);
			mainGroup = 7DB7432D1EE9DC6200B2E22B;
			productRefGroup = 7DB743371EE9DC6200B2E22B /* Products */;
			projectDirPath = "";
			projectRoot = "";
			targets = (
				7DB743351EE9DC6200B2E22B /* ResearchKitDemo */,
				7DB743491EE9DC6300B2E22B /* ResearchKitDemoTests */,
				7DB743541EE9DC6300B2E22B /* ResearchKitDemoUITests */,
			);
		};
/* End PBXProject section */

/* Begin PBXResourcesBuildPhase section */
		7DB743341EE9DC6200B2E22B /* Resources */ = {
			isa = PBXResourcesBuildPhase;
			buildActionMask = 2147483647;
			files = (
				7DB743441EE9DC6200B2E22B /* LaunchScreen.storyboard in Resources */,
				7DB743411EE9DC6200B2E22B /* Assets.xcassets in Resources */,
				7DB7433F1EE9DC6200B2E22B /* Main.storyboard in Resources */,
			);
			runOnlyForDeploymentPostprocessing = 0;
		};
		7DB743481EE9DC6300B2E22B /* Resources */ = {
			isa = PBXResourcesBuildPhase;
			buildActionMask = 2147483647;
			files = (
			);
			runOnlyForDeploymentPostprocessing = 0;
		};
		7DB743531EE9DC6300B2E22B /* Resources */ = {
			isa = PBXResourcesBuildPhase;
			buildActionMask = 2147483647;
			files = (
			);
			runOnlyForDeploymentPostprocessing = 0;
		};
/* End PBXResourcesBuildPhase section */

/* Begin PBXSourcesBuildPhase section */
		7DB743321EE9DC6200B2E22B /* Sources */ = {
			isa = PBXSourcesBuildPhase;
			buildActionMask = 2147483647;
			files = (
				7DB7433C1EE9DC6200B2E22B /* ViewController.swift in Sources */,
				7DB7433A1EE9DC6200B2E22B /* AppDelegate.swift in Sources */,
			);
			runOnlyForDeploymentPostprocessing = 0;
		};
		7DB743461EE9DC6300B2E22B /* Sources */ = {
			isa = PBXSourcesBuildPhase;
			buildActionMask = 2147483647;
			files = (
				7DB7434F1EE9DC6300B2E22B /* ResearchKitDemoTests.swift in Sources */,
			);
			runOnlyForDeploymentPostprocessing = 0;
		};
		7DB743511EE9DC6300B2E22B /* Sources */ = {
			isa = PBXSourcesBuildPhase;
			buildActionMask = 2147483647;
			files = (
				7DB7435A1EE9DC6300B2E22B /* ResearchKitDemoUITests.swift in Sources */,
			);
			runOnlyForDeploymentPostprocessing = 0;
		};
/* End PBXSourcesBuildPhase section */

/* Begin PBXTargetDependency section */
		7DB7434C1EE9DC6300B2E22B /* PBXTargetDependency */ = {
			isa = PBXTargetDependency;
			target = 7DB743351EE9DC6200B2E22B /* ResearchKitDemo */;
			targetProxy = 7DB7434B1EE9DC6300B2E22B /* PBXContainerItemProxy */;
		};
		7DB743571EE9DC6300B2E22B /* PBXTargetDependency */ = {
			isa = PBXTargetDependency;
			target = 7DB743351EE9DC6200B2E22B /* ResearchKitDemo */;
			targetProxy = 7DB743561EE9DC6300B2E22B /* PBXContainerItemProxy */;
		};
/* End PBXTargetDependency section */

/* Begin PBXVariantGroup section */
		7DB7433D1EE9DC6200B2E22B /* Main.storyboard */ = {
			isa = PBXVariantGroup;
			children = (
				7DB7433E1EE9DC6200B2E22B /* Base */,
			);
			name = Main.storyboard;
			sourceTree = "<group>";
		};
		7DB743421EE9DC6200B2E22B /* LaunchScreen.storyboard */ = {
			isa = PBXVariantGroup;
			children = (
				7DB743431EE9DC6200B2E22B /* Base */,
			);
			name = LaunchScreen.storyboard;
			sourceTree = "<group>";
		};
/* End PBXVariantGroup section */

/* Begin XCBuildConfiguration section */
		7DB7435C1EE9DC6300B2E22B /* Debug */ = {
			isa = XCBuildConfiguration;
			buildSettings = {
				ALWAYS_SEARCH_USER_PATHS = NO;
				CLANG_CXX_LANGUAGE_STANDARD = "gnu++0x";
				CLANG_CXX_LIBRARY = "libc++";
				CLANG_ENABLE_MODULES = YES;
				CLANG_ENABLE_OBJC_ARC = YES;
				CLANG_WARN_BOOL_CONVERSION = YES;
				CLANG_WARN_CONSTANT_CONVERSION = YES;
				CLANG_WARN_DIRECT_OBJC_ISA_USAGE = YES_ERROR;
				CLANG_WARN_EMPTY_BODY = YES;
				CLANG_WARN_ENUM_CONVERSION = YES;
				CLANG_WARN_INT_CONVERSION = YES;
				CLANG_WARN_OBJC_ROOT_CLASS = YES_ERROR;
				CLANG_WARN_UNREACHABLE_CODE = YES;
				CLANG_WARN__DUPLICATE_METHOD_MATCH = YES;
				"CODE_SIGN_IDENTITY[sdk=iphoneos*]" = "iPhone Developer";
				COPY_PHASE_STRIP = NO;
				DEBUG_INFORMATION_FORMAT = dwarf;
				ENABLE_STRICT_OBJC_MSGSEND = YES;
				ENABLE_TESTABILITY = YES;
				GCC_C_LANGUAGE_STANDARD = gnu99;
				GCC_DYNAMIC_NO_PIC = NO;
				GCC_NO_COMMON_BLOCKS = YES;
				GCC_OPTIMIZATION_LEVEL = 0;
				GCC_PREPROCESSOR_DEFINITIONS = (
					"DEBUG=1",
					"$(inherited)",
				);
				GCC_WARN_64_TO_32_BIT_CONVERSION = YES;
				GCC_WARN_ABOUT_RETURN_TYPE = YES_ERROR;
				GCC_WARN_UNDECLARED_SELECTOR = YES;
				GCC_WARN_UNINITIALIZED_AUTOS = YES_AGGRESSIVE;
				GCC_WARN_UNUSED_FUNCTION = YES;
				GCC_WARN_UNUSED_VARIABLE = YES;
				IPHONEOS_DEPLOYMENT_TARGET = 9.2;
				MTL_ENABLE_DEBUG_INFO = YES;
				ONLY_ACTIVE_ARCH = YES;
				SDKROOT = iphoneos;
				SWIFT_OPTIMIZATION_LEVEL = "-Onone";
				TARGETED_DEVICE_FAMILY = "1,2";
			};
			name = Debug;
		};
		7DB7435D1EE9DC6300B2E22B /* Release */ = {
			isa = XCBuildConfiguration;
			buildSettings = {
				ALWAYS_SEARCH_USER_PATHS = NO;
				CLANG_CXX_LANGUAGE_STANDARD = "gnu++0x";
				CLANG_CXX_LIBRARY = "libc++";
				CLANG_ENABLE_MODULES = YES;
				CLANG_ENABLE_OBJC_ARC = YES;
				CLANG_WARN_BOOL_CONVERSION = YES;
				CLANG_WARN_CONSTANT_CONVERSION = YES;
				CLANG_WARN_DIRECT_OBJC_ISA_USAGE = YES_ERROR;
				CLANG_WARN_EMPTY_BODY = YES;
				CLANG_WARN_ENUM_CONVERSION = YES;
				CLANG_WARN_INT_CONVERSION = YES;
				CLANG_WARN_OBJC_ROOT_CLASS = YES_ERROR;
				CLANG_WARN_UNREACHABLE_CODE = YES;
				CLANG_WARN__DUPLICATE_METHOD_MATCH = YES;
				"CODE_SIGN_IDENTITY[sdk=iphoneos*]" = "iPhone Developer";
				COPY_PHASE_STRIP = NO;
				DEBUG_INFORMATION_FORMAT = "dwarf-with-dsym";
				ENABLE_NS_ASSERTIONS = NO;
				ENABLE_STRICT_OBJC_MSGSEND = YES;
				GCC_C_LANGUAGE_STANDARD = gnu99;
				GCC_NO_COMMON_BLOCKS = YES;
				GCC_WARN_64_TO_32_BIT_CONVERSION = YES;
				GCC_WARN_ABOUT_RETURN_TYPE = YES_ERROR;
				GCC_WARN_UNDECLARED_SELECTOR = YES;
				GCC_WARN_UNINITIALIZED_AUTOS = YES_AGGRESSIVE;
				GCC_WARN_UNUSED_FUNCTION = YES;
				GCC_WARN_UNUSED_VARIABLE = YES;
				IPHONEOS_DEPLOYMENT_TARGET = 9.2;
				MTL_ENABLE_DEBUG_INFO = NO;
				SDKROOT = iphoneos;
				TARGETED_DEVICE_FAMILY = "1,2";
				VALIDATE_PRODUCT = YES;
			};
			name = Release;
		};
		7DB7435F1EE9DC6300B2E22B /* Debug */ = {
			isa = XCBuildConfiguration;
			buildSettings = {
				ASSETCATALOG_COMPILER_APPICON_NAME = AppIcon;
				INFOPLIST_FILE = ResearchKitDemo/Info.plist;
				LD_RUNPATH_SEARCH_PATHS = "$(inherited) @executable_path/Frameworks";
				PRODUCT_BUNDLE_IDENTIFIER = con.infy.ResearchKitDemo;
				PRODUCT_NAME = "$(TARGET_NAME)";
			};
			name = Debug;
		};
		7DB743601EE9DC6300B2E22B /* Release */ = {
			isa = XCBuildConfiguration;
			buildSettings = {
				ASSETCATALOG_COMPILER_APPICON_NAME = AppIcon;
				INFOPLIST_FILE = ResearchKitDemo/Info.plist;
				LD_RUNPATH_SEARCH_PATHS = "$(inherited) @executable_path/Frameworks";
				PRODUCT_BUNDLE_IDENTIFIER = con.infy.ResearchKitDemo;
				PRODUCT_NAME = "$(TARGET_NAME)";
			};
			name = Release;
		};
		7DB743621EE9DC6300B2E22B /* Debug */ = {
			isa = XCBuildConfiguration;
			buildSettings = {
				BUNDLE_LOADER = "$(TEST_HOST)";
				INFOPLIST_FILE = ResearchKitDemoTests/Info.plist;
				LD_RUNPATH_SEARCH_PATHS = "$(inherited) @executable_path/Frameworks @loader_path/Frameworks";
				PRODUCT_BUNDLE_IDENTIFIER = con.infy.ResearchKitDemoTests;
				PRODUCT_NAME = "$(TARGET_NAME)";
				TEST_HOST = "$(BUILT_PRODUCTS_DIR)/ResearchKitDemo.app/ResearchKitDemo";
			};
			name = Debug;
		};
		7DB743631EE9DC6300B2E22B /* Release */ = {
			isa = XCBuildConfiguration;
			buildSettings = {
				BUNDLE_LOADER = "$(TEST_HOST)";
				INFOPLIST_FILE = ResearchKitDemoTests/Info.plist;
				LD_RUNPATH_SEARCH_PATHS = "$(inherited) @executable_path/Frameworks @loader_path/Frameworks";
				PRODUCT_BUNDLE_IDENTIFIER = con.infy.ResearchKitDemoTests;
				PRODUCT_NAME = "$(TARGET_NAME)";
				TEST_HOST = "$(BUILT_PRODUCTS_DIR)/ResearchKitDemo.app/ResearchKitDemo";
			};
			name = Release;
		};
		7DB743651EE9DC6300B2E22B /* Debug */ = {
			isa = XCBuildConfiguration;
			buildSettings = {
				INFOPLIST_FILE = ResearchKitDemoUITests/Info.plist;
				LD_RUNPATH_SEARCH_PATHS = "$(inherited) @executable_path/Frameworks @loader_path/Frameworks";
				PRODUCT_BUNDLE_IDENTIFIER = con.infy.ResearchKitDemoUITests;
				PRODUCT_NAME = "$(TARGET_NAME)";
				TEST_TARGET_NAME = ResearchKitDemo;
				USES_XCTRUNNER = YES;
			};
			name = Debug;
		};
		7DB743661EE9DC6300B2E22B /* Release */ = {
			isa = XCBuildConfiguration;
			buildSettings = {
				INFOPLIST_FILE = ResearchKitDemoUITests/Info.plist;
				LD_RUNPATH_SEARCH_PATHS = "$(inherited) @executable_path/Frameworks @loader_path/Frameworks";
				PRODUCT_BUNDLE_IDENTIFIER = con.infy.ResearchKitDemoUITests;
				PRODUCT_NAME = "$(TARGET_NAME)";
				TEST_TARGET_NAME = ResearchKitDemo;
				USES_XCTRUNNER = YES;
			};
			name = Release;
		};
/* End XCBuildConfiguration section */

/* Begin XCConfigurationList section */
		7DB743311EE9DC6200B2E22B /* Build configuration list for PBXProject "ResearchKitDemo" */ = {
			isa = XCConfigurationList;
			buildConfigurations = (
				7DB7435C1EE9DC6300B2E22B /* Debug */,
				7DB7435D1EE9DC6300B2E22B /* Release */,
			);
			defaultConfigurationIsVisible = 0;
			defaultConfigurationName = Release;
		};
		7DB7435E1EE9DC6300B2E22B /* Build configuration list for PBXNativeTarget "ResearchKitDemo" */ = {
			isa = XCConfigurationList;
			buildConfigurations = (
				7DB7435F1EE9DC6300B2E22B /* Debug */,
				7DB743601EE9DC6300B2E22B /* Release */,
			);
			defaultConfigurationIsVisible = 0;
		};
		7DB743611EE9DC6300B2E22B /* Build configuration list for PBXNativeTarget "ResearchKitDemoTests" */ = {
			isa = XCConfigurationList;
			buildConfigurations = (
				7DB743621EE9DC6300B2E22B /* Debug */,
				7DB743631EE9DC6300B2E22B /* Release */,
			);
			defaultConfigurationIsVisible = 0;
		};
		7DB743641EE9DC6300B2E22B /* Build configuration list for PBXNativeTarget "ResearchKitDemoUITests" */ = {
			isa = XCConfigurationList;
			buildConfigurations = (
				7DB743651EE9DC6300B2E22B /* Debug */,
				7DB743661EE9DC6300B2E22B /* Release */,
			);
			defaultConfigurationIsVisible = 0;
		};
/* End XCConfigurationList section */
	};
	rootObject = 7DB7432E1EE9DC6200B2E22B /* Project object */;
}
